
Microsoft Visual Studio Solution File, Format Version 12.00
# Visual Studio Version 17
VisualStudioVersion = 17.12.35707.178 d17.12
MinimumVisualStudioVersion = 10.0.40219.1
Project("{FAE04EC0-301F-11D3-BF4B-00C04F79EFBC}") = "04_configuration", "04_configuration\04_configuration.csproj", "{11ED8C23-94D4-42B7-835F-E4C66A4D04C1}"
EndProject
Global
	GlobalSection(SolutionConfigurationPlatforms) = preSolution
		Debug|Any CPU = Debug|Any CPU
		Release|Any CPU = Release|Any CPU
	EndGlobalSection
	GlobalSection(ProjectConfigurationPlatforms) = postSolution
		{11ED8C23-94D4-42B7-835F-E4C66A4D04C1}.Debug|Any CPU.ActiveCfg = Debug|Any CPU
		{11ED8C23-94D4-42B7-835F-E4C66A4D04C1}.Debug|Any CPU.Build.0 = Debug|Any CPU
		{11ED8C23-94D4-42B7-835F-E4C66A4D04C1}.Release|Any CPU.ActiveCfg = Release|Any CPU
		{11ED8C23-94D4-42B7-835F-E4C66A4D04C1}.Release|Any CPU.Build.0 = Release|Any CPU
	EndGlobalSection
	GlobalSection(SolutionProperties) = preSolution
		HideSolutionNode = FALSE
	EndGlobalSection
EndGlobal
