
Microsoft Visual Studio Solution File, Format Version 12.00
# Visual Studio Version 17
VisualStudioVersion = 17.12.35707.178
MinimumVisualStudioVersion = 10.0.40219.1
Project("{FAE04EC0-301F-11D3-BF4B-00C04F79EFBC}") = "01_connection", "01_connection\01_connection.csproj", "{D5B13B73-6CBF-4D44-A1F6-F228D12D15E5}"
EndProject
Project("{FAE04EC0-301F-11D3-BF4B-00C04F79EFBC}") = "02_sp", "02_sp\02_sp.csproj", "{6BD0581F-1418-4AC0-8664-A6DA29093A9E}"
EndProject
Project("{FAE04EC0-301F-11D3-BF4B-00C04F79EFBC}") = "03_prepared_queries", "03_prepared_queries\03_prepared_queries.csproj", "{A87431BF-3D1E-4352-A5CB-C510C2A15DE1}"
EndProject
Global
	GlobalSection(SolutionConfigurationPlatforms) = preSolution
		Debug|Any CPU = Debug|Any CPU
		Release|Any CPU = Release|Any CPU
	EndGlobalSection
	GlobalSection(ProjectConfigurationPlatforms) = postSolution
		{D5B13B73-6CBF-4D44-A1F6-F228D12D15E5}.Debug|Any CPU.ActiveCfg = Debug|Any CPU
		{D5B13B73-6CBF-4D44-A1F6-F228D12D15E5}.Debug|Any CPU.Build.0 = Debug|Any CPU
		{D5B13B73-6CBF-4D44-A1F6-F228D12D15E5}.Release|Any CPU.ActiveCfg = Release|Any CPU
		{D5B13B73-6CBF-4D44-A1F6-F228D12D15E5}.Release|Any CPU.Build.0 = Release|Any CPU
		{6BD0581F-1418-4AC0-8664-A6DA29093A9E}.Debug|Any CPU.ActiveCfg = Debug|Any CPU
		{6BD0581F-1418-4AC0-8664-A6DA29093A9E}.Debug|Any CPU.Build.0 = Debug|Any CPU
		{6BD0581F-1418-4AC0-8664-A6DA29093A9E}.Release|Any CPU.ActiveCfg = Release|Any CPU
		{6BD0581F-1418-4AC0-8664-A6DA29093A9E}.Release|Any CPU.Build.0 = Release|Any CPU
		{A87431BF-3D1E-4352-A5CB-C510C2A15DE1}.Debug|Any CPU.ActiveCfg = Debug|Any CPU
		{A87431BF-3D1E-4352-A5CB-C510C2A15DE1}.Debug|Any CPU.Build.0 = Debug|Any CPU
		{A87431BF-3D1E-4352-A5CB-C510C2A15DE1}.Release|Any CPU.ActiveCfg = Release|Any CPU
		{A87431BF-3D1E-4352-A5CB-C510C2A15DE1}.Release|Any CPU.Build.0 = Release|Any CPU
	EndGlobalSection
	GlobalSection(SolutionProperties) = preSolution
		HideSolutionNode = FALSE
	EndGlobalSection
EndGlobal
